PODS:
  - AFNetworking (0.10.0)
  - BlockAlertsAnd-ActionSheets (1.0.0)
  - GMGridView (1.1.1)
  - KSReachability (0.0.2)
  - MJStarRating (1.0)
  - OBGradientView (1.0)
  - TestFlightSDK (1.1)

DEPENDENCIES:
  - AFNetworking (from `https://raw.github.com/AFNetworking/AFNetworking/730c35926ad926cab80d053c895f3444daa85f23/AFNetworking.podspec')
  - BlockAlertsAnd-ActionSheets (from `BlockAlertsAnd-ActionSheets.podspec')
  - GMGridView
  - KSReachability (from `KSReachability.podspec')
  - MJStarRating (from `MJStarRating.podspec')
  - OBGradientView (from `OBGradientView.podspec')
  - TestFlightSDK
