// !$*UTF8*$!
{
	archiveVersion = 1;
	classes = {
	};
	objectVersion = 46;
	objects = {

/* Begin PBXBuildFile section */
		7A0A426B1574DDD00019DD5E /* MovieDetailView.m in Sources */ = {isa = PBXBuildFile; fileRef = 7A0A426A1574DDD00019DD5E /* MovieDetailView.m */; };
		7A0A426F1574E4F50019DD5E /* UILabel+Additions.m in Sources */ = {isa = PBXBuildFile; fileRef = 7A0A426E1574E4F50019DD5E /* UILabel+Additions.m */; };
		7A0A42731574F7690019DD5E /* UIView+Additions.m in Sources */ = {isa = PBXBuildFile; fileRef = 7A0A42721574F7690019DD5E /* UIView+Additions.m */; };
		7A0A42761574FA390019DD5E /* UIButton+Additions.m in Sources */ = {isa = PBXBuildFile; fileRef = 7A0A42751574FA390019DD5E /* UIButton+Additions.m */; };
		7A0F430A155D595D00487FCB /* UISearchBar+Additions.m in Sources */ = {isa = PBXBuildFile; fileRef = 7A0F4309155D595D00487FCB /* UISearchBar+Additions.m */; };
		7A2663FD15741CAD00AC0146 /* _Cast.m in Sources */ = {isa = PBXBuildFile; fileRef = 7A2663FA15741CAD00AC0146 /* _Cast.m */; };
		7A2663FE15741CAD00AC0146 /* Cast.m in Sources */ = {isa = PBXBuildFile; fileRef = 7A2663FC15741CAD00AC0146 /* Cast.m */; };
		7A2B9A6A155B090200442D54 /* MoviesTableViewController.m in Sources */ = {isa = PBXBuildFile; fileRef = 7A2B9A69155B090200442D54 /* MoviesTableViewController.m */; };
		7A2CBBA01559A0CB009ADFFB /* CoreData.framework in Frameworks */ = {isa = PBXBuildFile; fileRef = 7A2CBB9F1559A0CB009ADFFB /* CoreData.framework */; };
		7A2CBBA51559A0ED009ADFFB /* Movies.xcdatamodeld in Sources */ = {isa = PBXBuildFile; fileRef = 7A2CBBA31559A0ED009ADFFB /* Movies.xcdatamodeld */; };
		7A2CBBAA1559B4A0009ADFFB /* _Movie.m in Sources */ = {isa = PBXBuildFile; fileRef = 7A2CBBA71559B4A0009ADFFB /* _Movie.m */; };
		7A2CBBAB1559B4A0009ADFFB /* Movie.m in Sources */ = {isa = PBXBuildFile; fileRef = 7A2CBBA91559B4A0009ADFFB /* Movie.m */; };
		7A31CE52158132C10031F1FB /* g_barbutton.png in Resources */ = {isa = PBXBuildFile; fileRef = 7A31CE4C158132C10031F1FB /* g_barbutton.png */; };
		7A31CE53158132C10031F1FB /* g_barbutton@2x.png in Resources */ = {isa = PBXBuildFile; fileRef = 7A31CE4D158132C10031F1FB /* g_barbutton@2x.png */; };
		7A31CE54158132C10031F1FB /* g_bg_navbar.png in Resources */ = {isa = PBXBuildFile; fileRef = 7A31CE4E158132C10031F1FB /* g_bg_navbar.png */; };
		7A31CE55158132C10031F1FB /* g_bg_navbar@2x.png in Resources */ = {isa = PBXBuildFile; fileRef = 7A31CE4F158132C10031F1FB /* g_bg_navbar@2x.png */; };
		7A31CE5E158148F00031F1FB /* dv_mask.png in Resources */ = {isa = PBXBuildFile; fileRef = 7A31CE5C158148F00031F1FB /* dv_mask.png */; };
		7A31CE6215815D0F0031F1FB /* Icon.png in Resources */ = {isa = PBXBuildFile; fileRef = 7A31CE6015815D0F0031F1FB /* Icon.png */; };
		7A31CE6315815D0F0031F1FB /* Icon@2x.png in Resources */ = {isa = PBXBuildFile; fileRef = 7A31CE6115815D0F0031F1FB /* Icon@2x.png */; };
		7A31CE6615816BFF0031F1FB /* mv_icon_settings.png in Resources */ = {isa = PBXBuildFile; fileRef = 7A31CE6415816BFF0031F1FB /* mv_icon_settings.png */; };
		7A31CE6715816BFF0031F1FB /* mv_icon_settings@2x.png in Resources */ = {isa = PBXBuildFile; fileRef = 7A31CE6515816BFF0031F1FB /* mv_icon_settings@2x.png */; };
		7A32953B15826B7A00668168 /* dv_mask@2x.png in Resources */ = {isa = PBXBuildFile; fileRef = 7A32953A15826B7A00668168 /* dv_mask@2x.png */; };
		7A353256157953DB008F4F58 /* MovieNoteViewController.m in Sources */ = {isa = PBXBuildFile; fileRef = 7A353255157953DB008F4F58 /* MovieNoteViewController.m */; };
		7A584CF8154877A600A548EE /* UIKit.framework in Frameworks */ = {isa = PBXBuildFile; fileRef = 7A584CF7154877A600A548EE /* UIKit.framework */; };
		7A584CFA154877A600A548EE /* Foundation.framework in Frameworks */ = {isa = PBXBuildFile; fileRef = 7A584CF9154877A600A548EE /* Foundation.framework */; };
		7A584CFC154877A600A548EE /* CoreGraphics.framework in Frameworks */ = {isa = PBXBuildFile; fileRef = 7A584CFB154877A600A548EE /* CoreGraphics.framework */; };
		7A584D02154877A600A548EE /* InfoPlist.strings in Resources */ = {isa = PBXBuildFile; fileRef = 7A584D00154877A600A548EE /* InfoPlist.strings */; };
		7A584D04154877A600A548EE /* main.m in Sources */ = {isa = PBXBuildFile; fileRef = 7A584D03154877A600A548EE /* main.m */; };
		7A584D08154877A600A548EE /* AppDelegate.m in Sources */ = {isa = PBXBuildFile; fileRef = 7A584D07154877A600A548EE /* AppDelegate.m */; };
		7A584D0B154877A700A548EE /* MainStoryboard.storyboard in Resources */ = {isa = PBXBuildFile; fileRef = 7A584D09154877A700A548EE /* MainStoryboard.storyboard */; };
		7A584D1A154879DD00A548EE /* SearchMovieViewController.m in Sources */ = {isa = PBXBuildFile; fileRef = 7A584D19154879DD00A548EE /* SearchMovieViewController.m */; };
		7A6478BC1549963F00C95237 /* SearchResult.m in Sources */ = {isa = PBXBuildFile; fileRef = 7A6478BA1549963F00C95237 /* SearchResult.m */; };
		7A7EEF85157D56F300EAEE01 /* ThumbnailPickerViewController.m in Sources */ = {isa = PBXBuildFile; fileRef = 7A7EEF84157D56F300EAEE01 /* ThumbnailPickerViewController.m */; };
		7A8AA0B41559CF24003A5446 /* NSDictionary+ObjectForKeyOrNil.m in Sources */ = {isa = PBXBuildFile; fileRef = 7A8AA0B31559CF24003A5446 /* NSDictionary+ObjectForKeyOrNil.m */; };
		7A8DC678157CFDDD00F6EACA /* SettingsTableViewController.m in Sources */ = {isa = PBXBuildFile; fileRef = 7A8DC677157CFDDD00F6EACA /* SettingsTableViewController.m */; };
		7A8DC67B157D109A00F6EACA /* Localizable.strings in Resources */ = {isa = PBXBuildFile; fileRef = 7A8DC67D157D109A00F6EACA /* Localizable.strings */; };
		7A99CCAD157C123D0097F8E1 /* Twitter.framework in Frameworks */ = {isa = PBXBuildFile; fileRef = 7A99CCAC157C123D0097F8E1 /* Twitter.framework */; };
		7A99CCAF157C12BC0097F8E1 /* MessageUI.framework in Frameworks */ = {isa = PBXBuildFile; fileRef = 7A99CCAE157C12BC0097F8E1 /* MessageUI.framework */; };
		7AB5BD001575014C003DAFAB /* _Crew.m in Sources */ = {isa = PBXBuildFile; fileRef = 7AB5BCFD1575014C003DAFAB /* _Crew.m */; };
		7AB5BD011575014C003DAFAB /* Crew.m in Sources */ = {isa = PBXBuildFile; fileRef = 7AB5BCFF1575014C003DAFAB /* Crew.m */; };
		7AB5F855155087CC00D767E7 /* OnlineMovieDatabase.m in Sources */ = {isa = PBXBuildFile; fileRef = 7AB5F854155087CC00D767E7 /* OnlineMovieDatabase.m */; };
		7ACFACA8157C157F0089EB8C /* sharebymail.html in Resources */ = {isa = PBXBuildFile; fileRef = 7ACFACA7157C157F0089EB8C /* sharebymail.html */; };
		7AE95C3015776803007A13F0 /* _Trailer.m in Sources */ = {isa = PBXBuildFile; fileRef = 7AE95C2D15776803007A13F0 /* _Trailer.m */; };
		7AE95C3115776803007A13F0 /* Trailer.m in Sources */ = {isa = PBXBuildFile; fileRef = 7AE95C2F15776803007A13F0 /* Trailer.m */; };
		7AED8E731582800F009F0416 /* OnlineDatabaseBridge.m in Sources */ = {isa = PBXBuildFile; fileRef = 7AED8E721582800F009F0416 /* OnlineDatabaseBridge.m */; };
		7AED8E7A1582B4FD009F0416 /* QuartzCore.framework in Frameworks */ = {isa = PBXBuildFile; fileRef = 7AED8E791582B4FD009F0416 /* QuartzCore.framework */; };
		7AED8E7D1582BFAF009F0416 /* g_backbutton.png in Resources */ = {isa = PBXBuildFile; fileRef = 7AED8E7B1582BFAF009F0416 /* g_backbutton.png */; };
		7AED8E7E1582BFAF009F0416 /* g_backbutton@2x.png in Resources */ = {isa = PBXBuildFile; fileRef = 7AED8E7C1582BFAF009F0416 /* g_backbutton@2x.png */; };
		7AED8E811582BFBF009F0416 /* mv_addbutton.png in Resources */ = {isa = PBXBuildFile; fileRef = 7AED8E7F1582BFBF009F0416 /* mv_addbutton.png */; };
		7AED8E821582BFBF009F0416 /* mv_addbutton@2x.png in Resources */ = {isa = PBXBuildFile; fileRef = 7AED8E801582BFBF009F0416 /* mv_addbutton@2x.png */; };
		7AED8E861582BFCD009F0416 /* mv_bg_add@2x.png in Resources */ = {isa = PBXBuildFile; fileRef = 7AED8E841582BFCD009F0416 /* mv_bg_add@2x.png */; };
		7AED8E881582C2FB009F0416 /* mv_bg_add.png in Resources */ = {isa = PBXBuildFile; fileRef = 7AED8E871582C2FB009F0416 /* mv_bg_add.png */; };
		7AEEA3411573F697003F06E1 /* MovieDetailViewController.m in Sources */ = {isa = PBXBuildFile; fileRef = 7AEEA3401573F697003F06E1 /* MovieDetailViewController.m */; };
		7AF3AE161559C113001B36E1 /* MoviesDataModel.m in Sources */ = {isa = PBXBuildFile; fileRef = 7AF3AE151559C113001B36E1 /* MoviesDataModel.m */; };
		7AF540F01577781F0018530A /* MediaPlayer.framework in Frameworks */ = {isa = PBXBuildFile; fileRef = 7AF540EF1577781F0018530A /* MediaPlayer.framework */; };
		7AF540F8157783C10018530A /* MovieCastsTableViewController.m in Sources */ = {isa = PBXBuildFile; fileRef = 7AF540F7157783C10018530A /* MovieCastsTableViewController.m */; };
		AFB44DD682834673B44EF4EE /* libPods.a in Frameworks */ = {isa = PBXBuildFile; fileRef = 61811A39E2A3494C9E929164 /* libPods.a */; };
/* End PBXBuildFile section */

/* Begin PBXFileReference section */
		0D20B1110904458DA8D842E8 /* Pods.xcconfig */ = {isa = PBXFileReference; lastKnownFileType = text.xcconfig; name = Pods.xcconfig; path = Pods/Pods.xcconfig; sourceTree = SOURCE_ROOT; };
		61811A39E2A3494C9E929164 /* libPods.a */ = {isa = PBXFileReference; explicitFileType = archive.ar; includeInIndex = 0; path = libPods.a; sourceTree = BUILT_PRODUCTS_DIR; };
		7A0A42691574DDD00019DD5E /* MovieDetailView.h */ = {isa = PBXFileReference; fileEncoding = 4; lastKnownFileType = sourcecode.c.h; path = MovieDetailView.h; sourceTree = "<group>"; };
		7A0A426A1574DDD00019DD5E /* MovieDetailView.m */ = {isa = PBXFileReference; fileEncoding = 4; lastKnownFileType = sourcecode.c.objc; path = MovieDetailView.m; sourceTree = "<group>"; };
		7A0A426D1574E4F50019DD5E /* UILabel+Additions.h */ = {isa = PBXFileReference; fileEncoding = 4; lastKnownFileType = sourcecode.c.h; path = "UILabel+Additions.h"; sourceTree = "<group>"; };
		7A0A426E1574E4F50019DD5E /* UILabel+Additions.m */ = {isa = PBXFileReference; fileEncoding = 4; lastKnownFileType = sourcecode.c.objc; path = "UILabel+Additions.m"; sourceTree = "<group>"; };
		7A0A42711574F7690019DD5E /* UIView+Additions.h */ = {isa = PBXFileReference; fileEncoding = 4; lastKnownFileType = sourcecode.c.h; path = "UIView+Additions.h"; sourceTree = "<group>"; };
		7A0A42721574F7690019DD5E /* UIView+Additions.m */ = {isa = PBXFileReference; fileEncoding = 4; lastKnownFileType = sourcecode.c.objc; path = "UIView+Additions.m"; sourceTree = "<group>"; };
		7A0A42741574FA390019DD5E /* UIButton+Additions.h */ = {isa = PBXFileReference; fileEncoding = 4; lastKnownFileType = sourcecode.c.h; path = "UIButton+Additions.h"; sourceTree = "<group>"; };
		7A0A42751574FA390019DD5E /* UIButton+Additions.m */ = {isa = PBXFileReference; fileEncoding = 4; lastKnownFileType = sourcecode.c.objc; path = "UIButton+Additions.m"; sourceTree = "<group>"; };
		7A0F4308155D595D00487FCB /* UISearchBar+Additions.h */ = {isa = PBXFileReference; fileEncoding = 4; lastKnownFileType = sourcecode.c.h; path = "UISearchBar+Additions.h"; sourceTree = "<group>"; };
		7A0F4309155D595D00487FCB /* UISearchBar+Additions.m */ = {isa = PBXFileReference; fileEncoding = 4; lastKnownFileType = sourcecode.c.objc; path = "UISearchBar+Additions.m"; sourceTree = "<group>"; };
		7A2663F915741CAD00AC0146 /* _Cast.h */ = {isa = PBXFileReference; fileEncoding = 4; lastKnownFileType = sourcecode.c.h; path = _Cast.h; sourceTree = "<group>"; };
		7A2663FA15741CAD00AC0146 /* _Cast.m */ = {isa = PBXFileReference; fileEncoding = 4; lastKnownFileType = sourcecode.c.objc; path = _Cast.m; sourceTree = "<group>"; };
		7A2663FB15741CAD00AC0146 /* Cast.h */ = {isa = PBXFileReference; fileEncoding = 4; lastKnownFileType = sourcecode.c.h; path = Cast.h; sourceTree = "<group>"; };
		7A2663FC15741CAD00AC0146 /* Cast.m */ = {isa = PBXFileReference; fileEncoding = 4; lastKnownFileType = sourcecode.c.objc; path = Cast.m; sourceTree = "<group>"; };
		7A2B9A68155B090200442D54 /* MoviesTableViewController.h */ = {isa = PBXFileReference; fileEncoding = 4; lastKnownFileType = sourcecode.c.h; path = MoviesTableViewController.h; sourceTree = "<group>"; };
		7A2B9A69155B090200442D54 /* MoviesTableViewController.m */ = {isa = PBXFileReference; fileEncoding = 4; lastKnownFileType = sourcecode.c.objc; path = MoviesTableViewController.m; sourceTree = "<group>"; };
		7A2CBB9F1559A0CB009ADFFB /* CoreData.framework */ = {isa = PBXFileReference; lastKnownFileType = wrapper.framework; name = CoreData.framework; path = System/Library/Frameworks/CoreData.framework; sourceTree = SDKROOT; };
		7A2CBBA41559A0ED009ADFFB /* Movies.xcdatamodel */ = {isa = PBXFileReference; lastKnownFileType = wrapper.xcdatamodel; path = Movies.xcdatamodel; sourceTree = "<group>"; };
		7A2CBBA61559B4A0009ADFFB /* _Movie.h */ = {isa = PBXFileReference; fileEncoding = 4; lastKnownFileType = sourcecode.c.h; path = _Movie.h; sourceTree = "<group>"; };
		7A2CBBA71559B4A0009ADFFB /* _Movie.m */ = {isa = PBXFileReference; fileEncoding = 4; lastKnownFileType = sourcecode.c.objc; path = _Movie.m; sourceTree = "<group>"; };
		7A2CBBA81559B4A0009ADFFB /* Movie.h */ = {isa = PBXFileReference; fileEncoding = 4; lastKnownFileType = sourcecode.c.h; path = Movie.h; sourceTree = "<group>"; };
		7A2CBBA91559B4A0009ADFFB /* Movie.m */ = {isa = PBXFileReference; fileEncoding = 4; lastKnownFileType = sourcecode.c.objc; path = Movie.m; sourceTree = "<group>"; };
		7A31CE4C158132C10031F1FB /* g_barbutton.png */ = {isa = PBXFileReference; lastKnownFileType = image.png; name = g_barbutton.png; path = ../../../../../../Dropbox/Arbeit/iOS/watched/v2/export/g_barbutton.png; sourceTree = "<group>"; };
		7A31CE4D158132C10031F1FB /* g_barbutton@2x.png */ = {isa = PBXFileReference; lastKnownFileType = image.png; name = "g_barbutton@2x.png"; path = "../../../../../../Dropbox/Arbeit/iOS/watched/v2/export/g_barbutton@2x.png"; sourceTree = "<group>"; };
		7A31CE4E158132C10031F1FB /* g_bg_navbar.png */ = {isa = PBXFileReference; lastKnownFileType = image.png; name = g_bg_navbar.png; path = ../../../../../../Dropbox/Arbeit/iOS/watched/v2/export/g_bg_navbar.png; sourceTree = "<group>"; };
		7A31CE4F158132C10031F1FB /* g_bg_navbar@2x.png */ = {isa = PBXFileReference; lastKnownFileType = image.png; name = "g_bg_navbar@2x.png"; path = "../../../../../../Dropbox/Arbeit/iOS/watched/v2/export/g_bg_navbar@2x.png"; sourceTree = "<group>"; };
		7A31CE5C158148F00031F1FB /* dv_mask.png */ = {isa = PBXFileReference; lastKnownFileType = image.png; name = dv_mask.png; path = ../../../../../../Dropbox/Arbeit/iOS/watched/v2/export/dv_mask.png; sourceTree = "<group>"; };
		7A31CE6015815D0F0031F1FB /* Icon.png */ = {isa = PBXFileReference; lastKnownFileType = image.png; name = Icon.png; path = ../../../../../../Dropbox/Arbeit/iOS/watched/v2/export/Icon.png; sourceTree = "<group>"; };
		7A31CE6115815D0F0031F1FB /* Icon@2x.png */ = {isa = PBXFileReference; lastKnownFileType = image.png; name = "Icon@2x.png"; path = "../../../../../../Dropbox/Arbeit/iOS/watched/v2/export/Icon@2x.png"; sourceTree = "<group>"; };
		7A31CE6415816BFF0031F1FB /* mv_icon_settings.png */ = {isa = PBXFileReference; lastKnownFileType = image.png; name = mv_icon_settings.png; path = ../../../../../../Dropbox/Arbeit/iOS/watched/v2/export/mv_icon_settings.png; sourceTree = "<group>"; };
		7A31CE6515816BFF0031F1FB /* mv_icon_settings@2x.png */ = {isa = PBXFileReference; lastKnownFileType = image.png; name = "mv_icon_settings@2x.png"; path = "../../../../../../Dropbox/Arbeit/iOS/watched/v2/export/mv_icon_settings@2x.png"; sourceTree = "<group>"; };
		7A32953A15826B7A00668168 /* dv_mask@2x.png */ = {isa = PBXFileReference; lastKnownFileType = image.png; name = "dv_mask@2x.png"; path = "../../../../../../Dropbox/Arbeit/iOS/watched/v2/export/dv_mask@2x.png"; sourceTree = "<group>"; };
		7A353254157953DB008F4F58 /* MovieNoteViewController.h */ = {isa = PBXFileReference; fileEncoding = 4; lastKnownFileType = sourcecode.c.h; path = MovieNoteViewController.h; sourceTree = "<group>"; };
		7A353255157953DB008F4F58 /* MovieNoteViewController.m */ = {isa = PBXFileReference; fileEncoding = 4; lastKnownFileType = sourcecode.c.objc; path = MovieNoteViewController.m; sourceTree = "<group>"; };
		7A584CF3154877A600A548EE /* watched.app */ = {isa = PBXFileReference; explicitFileType = wrapper.application; includeInIndex = 0; path = watched.app; sourceTree = BUILT_PRODUCTS_DIR; };
		7A584CF7154877A600A548EE /* UIKit.framework */ = {isa = PBXFileReference; lastKnownFileType = wrapper.framework; name = UIKit.framework; path = System/Library/Frameworks/UIKit.framework; sourceTree = SDKROOT; };
		7A584CF9154877A600A548EE /* Foundation.framework */ = {isa = PBXFileReference; lastKnownFileType = wrapper.framework; name = Foundation.framework; path = System/Library/Frameworks/Foundation.framework; sourceTree = SDKROOT; };
		7A584CFB154877A600A548EE /* CoreGraphics.framework */ = {isa = PBXFileReference; lastKnownFileType = wrapper.framework; name = CoreGraphics.framework; path = System/Library/Frameworks/CoreGraphics.framework; sourceTree = SDKROOT; };
		7A584CFF154877A600A548EE /* watched-Info.plist */ = {isa = PBXFileReference; lastKnownFileType = text.plist.xml; path = "watched-Info.plist"; sourceTree = "<group>"; };
		7A584D01154877A600A548EE /* en */ = {isa = PBXFileReference; lastKnownFileType = text.plist.strings; name = en; path = en.lproj/InfoPlist.strings; sourceTree = "<group>"; };
		7A584D03154877A600A548EE /* main.m */ = {isa = PBXFileReference; lastKnownFileType = sourcecode.c.objc; path = main.m; sourceTree = "<group>"; };
		7A584D05154877A600A548EE /* watched-Prefix.pch */ = {isa = PBXFileReference; lastKnownFileType = sourcecode.c.h; path = "watched-Prefix.pch"; sourceTree = "<group>"; };
		7A584D06154877A600A548EE /* AppDelegate.h */ = {isa = PBXFileReference; lastKnownFileType = sourcecode.c.h; path = AppDelegate.h; sourceTree = "<group>"; };
		7A584D07154877A600A548EE /* AppDelegate.m */ = {isa = PBXFileReference; lastKnownFileType = sourcecode.c.objc; path = AppDelegate.m; sourceTree = "<group>"; };
		7A584D0A154877A700A548EE /* en */ = {isa = PBXFileReference; lastKnownFileType = file.storyboard; name = en; path = en.lproj/MainStoryboard.storyboard; sourceTree = "<group>"; };
		7A584D18154879DD00A548EE /* SearchMovieViewController.h */ = {isa = PBXFileReference; fileEncoding = 4; lastKnownFileType = sourcecode.c.h; path = SearchMovieViewController.h; sourceTree = "<group>"; };
		7A584D19154879DD00A548EE /* SearchMovieViewController.m */ = {isa = PBXFileReference; fileEncoding = 4; lastKnownFileType = sourcecode.c.objc; path = SearchMovieViewController.m; sourceTree = "<group>"; };
		7A6478BA1549963F00C95237 /* SearchResult.m */ = {isa = PBXFileReference; fileEncoding = 4; lastKnownFileType = sourcecode.c.objc; path = SearchResult.m; sourceTree = "<group>"; };
		7A6478BB1549963F00C95237 /* SearchResult.h */ = {isa = PBXFileReference; fileEncoding = 4; lastKnownFileType = sourcecode.c.h; path = SearchResult.h; sourceTree = "<group>"; };
		7A7EEF83157D56F300EAEE01 /* ThumbnailPickerViewController.h */ = {isa = PBXFileReference; fileEncoding = 4; lastKnownFileType = sourcecode.c.h; path = ThumbnailPickerViewController.h; sourceTree = "<group>"; };
		7A7EEF84157D56F300EAEE01 /* ThumbnailPickerViewController.m */ = {isa = PBXFileReference; fileEncoding = 4; lastKnownFileType = sourcecode.c.objc; path = ThumbnailPickerViewController.m; sourceTree = "<group>"; };
		7A8AA0B21559CF24003A5446 /* NSDictionary+ObjectForKeyOrNil.h */ = {isa = PBXFileReference; fileEncoding = 4; lastKnownFileType = sourcecode.c.h; path = "NSDictionary+ObjectForKeyOrNil.h"; sourceTree = "<group>"; };
		7A8AA0B31559CF24003A5446 /* NSDictionary+ObjectForKeyOrNil.m */ = {isa = PBXFileReference; fileEncoding = 4; lastKnownFileType = sourcecode.c.objc; path = "NSDictionary+ObjectForKeyOrNil.m"; sourceTree = "<group>"; };
		7A8DC676157CFDDD00F6EACA /* SettingsTableViewController.h */ = {isa = PBXFileReference; fileEncoding = 4; lastKnownFileType = sourcecode.c.h; path = SettingsTableViewController.h; sourceTree = "<group>"; };
		7A8DC677157CFDDD00F6EACA /* SettingsTableViewController.m */ = {isa = PBXFileReference; fileEncoding = 4; lastKnownFileType = sourcecode.c.objc; path = SettingsTableViewController.m; sourceTree = "<group>"; };
		7A8DC67C157D109A00F6EACA /* en */ = {isa = PBXFileReference; lastKnownFileType = text.plist.strings; name = en; path = en.lproj/Localizable.strings; sourceTree = "<group>"; };
		7A8DC67E157D10A000F6EACA /* de */ = {isa = PBXFileReference; lastKnownFileType = text.plist.strings; name = de; path = de.lproj/Localizable.strings; sourceTree = "<group>"; };
		7A99CCAC157C123D0097F8E1 /* Twitter.framework */ = {isa = PBXFileReference; lastKnownFileType = wrapper.framework; name = Twitter.framework; path = System/Library/Frameworks/Twitter.framework; sourceTree = SDKROOT; };
		7A99CCAE157C12BC0097F8E1 /* MessageUI.framework */ = {isa = PBXFileReference; lastKnownFileType = wrapper.framework; name = MessageUI.framework; path = System/Library/Frameworks/MessageUI.framework; sourceTree = SDKROOT; };
		7AB5BCFC1575014C003DAFAB /* _Crew.h */ = {isa = PBXFileReference; fileEncoding = 4; lastKnownFileType = sourcecode.c.h; path = _Crew.h; sourceTree = "<group>"; };
		7AB5BCFD1575014C003DAFAB /* _Crew.m */ = {isa = PBXFileReference; fileEncoding = 4; lastKnownFileType = sourcecode.c.objc; path = _Crew.m; sourceTree = "<group>"; };
		7AB5BCFE1575014C003DAFAB /* Crew.h */ = {isa = PBXFileReference; fileEncoding = 4; lastKnownFileType = sourcecode.c.h; path = Crew.h; sourceTree = "<group>"; };
		7AB5BCFF1575014C003DAFAB /* Crew.m */ = {isa = PBXFileReference; fileEncoding = 4; lastKnownFileType = sourcecode.c.objc; path = Crew.m; sourceTree = "<group>"; };
		7AB5F853155087CC00D767E7 /* OnlineMovieDatabase.h */ = {isa = PBXFileReference; fileEncoding = 4; lastKnownFileType = sourcecode.c.h; path = OnlineMovieDatabase.h; sourceTree = "<group>"; };
		7AB5F854155087CC00D767E7 /* OnlineMovieDatabase.m */ = {isa = PBXFileReference; fileEncoding = 4; lastKnownFileType = sourcecode.c.objc; path = OnlineMovieDatabase.m; sourceTree = "<group>"; };
		7ACFACA7157C157F0089EB8C /* sharebymail.html */ = {isa = PBXFileReference; fileEncoding = 4; lastKnownFileType = text.html; path = sharebymail.html; sourceTree = "<group>"; };
		7AE95C2C15776803007A13F0 /* _Trailer.h */ = {isa = PBXFileReference; fileEncoding = 4; lastKnownFileType = sourcecode.c.h; path = _Trailer.h; sourceTree = "<group>"; };
		7AE95C2D15776803007A13F0 /* _Trailer.m */ = {isa = PBXFileReference; fileEncoding = 4; lastKnownFileType = sourcecode.c.objc; path = _Trailer.m; sourceTree = "<group>"; };
		7AE95C2E15776803007A13F0 /* Trailer.h */ = {isa = PBXFileReference; fileEncoding = 4; lastKnownFileType = sourcecode.c.h; path = Trailer.h; sourceTree = "<group>"; };
		7AE95C2F15776803007A13F0 /* Trailer.m */ = {isa = PBXFileReference; fileEncoding = 4; lastKnownFileType = sourcecode.c.objc; path = Trailer.m; sourceTree = "<group>"; };
		7AED8E711582800F009F0416 /* OnlineDatabaseBridge.h */ = {isa = PBXFileReference; fileEncoding = 4; lastKnownFileType = sourcecode.c.h; path = OnlineDatabaseBridge.h; sourceTree = "<group>"; };
		7AED8E721582800F009F0416 /* OnlineDatabaseBridge.m */ = {isa = PBXFileReference; fileEncoding = 4; lastKnownFileType = sourcecode.c.objc; path = OnlineDatabaseBridge.m; sourceTree = "<group>"; };
		7AED8E791582B4FD009F0416 /* QuartzCore.framework */ = {isa = PBXFileReference; lastKnownFileType = wrapper.framework; name = QuartzCore.framework; path = System/Library/Frameworks/QuartzCore.framework; sourceTree = SDKROOT; };
		7AED8E7B1582BFAF009F0416 /* g_backbutton.png */ = {isa = PBXFileReference; lastKnownFileType = image.png; name = g_backbutton.png; path = ../../../../../../Dropbox/Arbeit/iOS/watched/v2/export/g_backbutton.png; sourceTree = "<group>"; };
		7AED8E7C1582BFAF009F0416 /* g_backbutton@2x.png */ = {isa = PBXFileReference; lastKnownFileType = image.png; name = "g_backbutton@2x.png"; path = "../../../../../../Dropbox/Arbeit/iOS/watched/v2/export/g_backbutton@2x.png"; sourceTree = "<group>"; };
		7AED8E7F1582BFBF009F0416 /* mv_addbutton.png */ = {isa = PBXFileReference; lastKnownFileType = image.png; name = mv_addbutton.png; path = ../../../../../../Dropbox/Arbeit/iOS/watched/v2/export/mv_addbutton.png; sourceTree = "<group>"; };
		7AED8E801582BFBF009F0416 /* mv_addbutton@2x.png */ = {isa = PBXFileReference; lastKnownFileType = image.png; name = "mv_addbutton@2x.png"; path = "../../../../../../Dropbox/Arbeit/iOS/watched/v2/export/mv_addbutton@2x.png"; sourceTree = "<group>"; };
		7AED8E841582BFCD009F0416 /* mv_bg_add@2x.png */ = {isa = PBXFileReference; lastKnownFileType = image.png; name = "mv_bg_add@2x.png"; path = "../../../../../../Dropbox/Arbeit/iOS/watched/v2/export/mv_bg_add@2x.png"; sourceTree = "<group>"; };
		7AED8E871582C2FB009F0416 /* mv_bg_add.png */ = {isa = PBXFileReference; lastKnownFileType = image.png; name = mv_bg_add.png; path = ../../../../../../Dropbox/Arbeit/iOS/watched/v2/export/mv_bg_add.png; sourceTree = "<group>"; };
		7AEEA33F1573F697003F06E1 /* MovieDetailViewController.h */ = {isa = PBXFileReference; fileEncoding = 4; lastKnownFileType = sourcecode.c.h; path = MovieDetailViewController.h; sourceTree = "<group>"; };
		7AEEA3401573F697003F06E1 /* MovieDetailViewController.m */ = {isa = PBXFileReference; fileEncoding = 4; lastKnownFileType = sourcecode.c.objc; path = MovieDetailViewController.m; sourceTree = "<group>"; };
		7AF3AE141559C113001B36E1 /* MoviesDataModel.h */ = {isa = PBXFileReference; fileEncoding = 4; lastKnownFileType = sourcecode.c.h; path = MoviesDataModel.h; sourceTree = "<group>"; };
		7AF3AE151559C113001B36E1 /* MoviesDataModel.m */ = {isa = PBXFileReference; fileEncoding = 4; lastKnownFileType = sourcecode.c.objc; path = MoviesDataModel.m; sourceTree = "<group>"; };
		7AF540EF1577781F0018530A /* MediaPlayer.framework */ = {isa = PBXFileReference; lastKnownFileType = wrapper.framework; name = MediaPlayer.framework; path = System/Library/Frameworks/MediaPlayer.framework; sourceTree = SDKROOT; };
		7AF540F6157783C10018530A /* MovieCastsTableViewController.h */ = {isa = PBXFileReference; fileEncoding = 4; lastKnownFileType = sourcecode.c.h; path = MovieCastsTableViewController.h; sourceTree = "<group>"; };
		7AF540F7157783C10018530A /* MovieCastsTableViewController.m */ = {isa = PBXFileReference; fileEncoding = 4; lastKnownFileType = sourcecode.c.objc; path = MovieCastsTableViewController.m; sourceTree = "<group>"; };
/* End PBXFileReference section */

/* Begin PBXFrameworksBuildPhase section */
		7A584CF0154877A600A548EE /* Frameworks */ = {
			isa = PBXFrameworksBuildPhase;
			buildActionMask = 2147483647;
			files = (
				7AED8E7A1582B4FD009F0416 /* QuartzCore.framework in Frameworks */,
				7A99CCAF157C12BC0097F8E1 /* MessageUI.framework in Frameworks */,
				7A99CCAD157C123D0097F8E1 /* Twitter.framework in Frameworks */,
				7AF540F01577781F0018530A /* MediaPlayer.framework in Frameworks */,
				7A2CBBA01559A0CB009ADFFB /* CoreData.framework in Frameworks */,
				7A584CF8154877A600A548EE /* UIKit.framework in Frameworks */,
				7A584CFA154877A600A548EE /* Foundation.framework in Frameworks */,
				7A584CFC154877A600A548EE /* CoreGraphics.framework in Frameworks */,
				AFB44DD682834673B44EF4EE /* libPods.a in Frameworks */,
			);
			runOnlyForDeploymentPostprocessing = 0;
		};
/* End PBXFrameworksBuildPhase section */

/* Begin PBXGroup section */
		7A0A42701574EAB20019DD5E /* Images */ = {
			isa = PBXGroup;
			children = (
				7A31CE6015815D0F0031F1FB /* Icon.png */,
				7A31CE6115815D0F0031F1FB /* Icon@2x.png */,
				7A31CE3E158126340031F1FB /* General */,
			);
			name = Images;
			path = Assets/Images;
			sourceTree = "<group>";
		};
		7A2B9A63155B05C800442D54 /* View */ = {
			isa = PBXGroup;
			children = (
				7A584D09154877A700A548EE /* MainStoryboard.storyboard */,
			);
			name = View;
			sourceTree = "<group>";
		};
		7A2B9A64155B06C200442D54 /* Models */ = {
			isa = PBXGroup;
			children = (
				7A2663F915741CAD00AC0146 /* _Cast.h */,
				7A2663FA15741CAD00AC0146 /* _Cast.m */,
				7A2663FB15741CAD00AC0146 /* Cast.h */,
				7A2663FC15741CAD00AC0146 /* Cast.m */,
				7A2CBBA61559B4A0009ADFFB /* _Movie.h */,
				7A2CBBA71559B4A0009ADFFB /* _Movie.m */,
				7A2CBBA81559B4A0009ADFFB /* Movie.h */,
				7A2CBBA91559B4A0009ADFFB /* Movie.m */,
				7AB5BCFC1575014C003DAFAB /* _Crew.h */,
				7AB5BCFD1575014C003DAFAB /* _Crew.m */,
				7AB5BCFE1575014C003DAFAB /* Crew.h */,
				7AB5BCFF1575014C003DAFAB /* Crew.m */,
				7AE95C2C15776803007A13F0 /* _Trailer.h */,
				7AE95C2D15776803007A13F0 /* _Trailer.m */,
				7AE95C2E15776803007A13F0 /* Trailer.h */,
				7AE95C2F15776803007A13F0 /* Trailer.m */,
			);
			name = Models;
			sourceTree = "<group>";
		};
		7A2B9A65155B06D700442D54 /* Search */ = {
			isa = PBXGroup;
			children = (
				7A584D18154879DD00A548EE /* SearchMovieViewController.h */,
				7A584D19154879DD00A548EE /* SearchMovieViewController.m */,
				7AED8E711582800F009F0416 /* OnlineDatabaseBridge.h */,
				7AED8E721582800F009F0416 /* OnlineDatabaseBridge.m */,
			);
			name = Search;
			sourceTree = "<group>";
		};
		7A2B9A66155B06E400442D54 /* Categories */ = {
			isa = PBXGroup;
			children = (
				7A8AA0B21559CF24003A5446 /* NSDictionary+ObjectForKeyOrNil.h */,
				7A8AA0B31559CF24003A5446 /* NSDictionary+ObjectForKeyOrNil.m */,
				7A0F4308155D595D00487FCB /* UISearchBar+Additions.h */,
				7A0F4309155D595D00487FCB /* UISearchBar+Additions.m */,
				7A0A426D1574E4F50019DD5E /* UILabel+Additions.h */,
				7A0A426E1574E4F50019DD5E /* UILabel+Additions.m */,
				7A0A42711574F7690019DD5E /* UIView+Additions.h */,
				7A0A42721574F7690019DD5E /* UIView+Additions.m */,
				7A0A42741574FA390019DD5E /* UIButton+Additions.h */,
				7A0A42751574FA390019DD5E /* UIButton+Additions.m */,
			);
			name = Categories;
			sourceTree = "<group>";
		};
		7A2B9A67155B07CF00442D54 /* MoviesTableView */ = {
			isa = PBXGroup;
			children = (
				7A2B9A68155B090200442D54 /* MoviesTableViewController.h */,
				7A2B9A69155B090200442D54 /* MoviesTableViewController.m */,
			);
			name = MoviesTableView;
			sourceTree = "<group>";
		};
		7A2CBBA21559A0D6009ADFFB /* CoreData */ = {
			isa = PBXGroup;
			children = (
				7A2B9A64155B06C200442D54 /* Models */,
				7A2CBBA31559A0ED009ADFFB /* Movies.xcdatamodeld */,
				7AF3AE141559C113001B36E1 /* MoviesDataModel.h */,
				7AF3AE151559C113001B36E1 /* MoviesDataModel.m */,
			);
			name = CoreData;
			sourceTree = "<group>";
		};
		7A31CE3E158126340031F1FB /* General */ = {
			isa = PBXGroup;
			children = (
				7A31CE4C158132C10031F1FB /* g_barbutton.png */,
				7A31CE4D158132C10031F1FB /* g_barbutton@2x.png */,
				7AED8E7B1582BFAF009F0416 /* g_backbutton.png */,
				7AED8E7C1582BFAF009F0416 /* g_backbutton@2x.png */,
				7A31CE4E158132C10031F1FB /* g_bg_navbar.png */,
				7A31CE4F158132C10031F1FB /* g_bg_navbar@2x.png */,
				7A31CE6415816BFF0031F1FB /* mv_icon_settings.png */,
				7A31CE6515816BFF0031F1FB /* mv_icon_settings@2x.png */,
				7AED8E7F1582BFBF009F0416 /* mv_addbutton.png */,
				7AED8E801582BFBF009F0416 /* mv_addbutton@2x.png */,
				7AED8E871582C2FB009F0416 /* mv_bg_add.png */,
				7AED8E841582BFCD009F0416 /* mv_bg_add@2x.png */,
				7A31CE5C158148F00031F1FB /* dv_mask.png */,
				7A32953A15826B7A00668168 /* dv_mask@2x.png */,
			);
			name = General;
			sourceTree = "<group>";
		};
		7A584CE8154877A600A548EE = {
			isa = PBXGroup;
			children = (
				7AED8E791582B4FD009F0416 /* QuartzCore.framework */,
				7A584CFD154877A600A548EE /* watched */,
			);
			sourceTree = "<group>";
		};
		7A584CF4154877A600A548EE /* Products */ = {
			isa = PBXGroup;
			children = (
				7A584CF3154877A600A548EE /* watched.app */,
			);
			name = Products;
			path = ..;
			sourceTree = "<group>";
		};
		7A584CF6154877A600A548EE /* Frameworks */ = {
			isa = PBXGroup;
			children = (
				7A99CCAE157C12BC0097F8E1 /* MessageUI.framework */,
				7A99CCAC157C123D0097F8E1 /* Twitter.framework */,
				7AF540EF1577781F0018530A /* MediaPlayer.framework */,
				7A2CBB9F1559A0CB009ADFFB /* CoreData.framework */,
				7A584CF7154877A600A548EE /* UIKit.framework */,
				7A584CF9154877A600A548EE /* Foundation.framework */,
				7A584CFB154877A600A548EE /* CoreGraphics.framework */,
				61811A39E2A3494C9E929164 /* libPods.a */,
			);
			name = Frameworks;
			path = ..;
			sourceTree = "<group>";
		};
		7A584CFD154877A600A548EE /* watched */ = {
			isa = PBXGroup;
			children = (
				7A2B9A66155B06E400442D54 /* Categories */,
				7A2CBBA21559A0D6009ADFFB /* CoreData */,
				7AEE00EC1552D4B0005EF8CD /* TMDB API */,
				7A2B9A65155B06D700442D54 /* Search */,
				7A2B9A67155B07CF00442D54 /* MoviesTableView */,
				7AEEA33D1573F675003F06E1 /* MovieDetailView */,
				7A8DC675157CFDAC00F6EACA /* Settings */,
				7A584D06154877A600A548EE /* AppDelegate.h */,
				7A584D07154877A600A548EE /* AppDelegate.m */,
				7A2B9A63155B05C800442D54 /* View */,
				7A584CFE154877A600A548EE /* Supporting Files */,
			);
			path = watched;
			sourceTree = "<group>";
		};
		7A584CFE154877A600A548EE /* Supporting Files */ = {
			isa = PBXGroup;
			children = (
				7A8DC674157CFD6700F6EACA /* Assets */,
				7A8DC672157CFD5700F6EACA /* Other */,
				7A584CF4154877A600A548EE /* Products */,
				7A584CF6154877A600A548EE /* Frameworks */,
			);
			name = "Supporting Files";
			sourceTree = "<group>";
		};
		7A7EEF82157D56C400EAEE01 /* ThumbnailPicker */ = {
			isa = PBXGroup;
			children = (
				7A7EEF83157D56F300EAEE01 /* ThumbnailPickerViewController.h */,
				7A7EEF84157D56F300EAEE01 /* ThumbnailPickerViewController.m */,
			);
			name = ThumbnailPicker;
			sourceTree = "<group>";
		};
		7A8DC672157CFD5700F6EACA /* Other */ = {
			isa = PBXGroup;
			children = (
				0D20B1110904458DA8D842E8 /* Pods.xcconfig */,
				7A584CFF154877A600A548EE /* watched-Info.plist */,
				7A584D00154877A600A548EE /* InfoPlist.strings */,
				7A584D03154877A600A548EE /* main.m */,
				7A584D05154877A600A548EE /* watched-Prefix.pch */,
				7A8DC67D157D109A00F6EACA /* Localizable.strings */,
			);
			name = Other;
			sourceTree = "<group>";
		};
		7A8DC674157CFD6700F6EACA /* Assets */ = {
			isa = PBXGroup;
			children = (
				7ACFACAA157C15830089EB8C /* HTML-Templates */,
				7A0A42701574EAB20019DD5E /* Images */,
			);
			name = Assets;
			sourceTree = "<group>";
		};
		7A8DC675157CFDAC00F6EACA /* Settings */ = {
			isa = PBXGroup;
			children = (
				7A8DC676157CFDDD00F6EACA /* SettingsTableViewController.h */,
				7A8DC677157CFDDD00F6EACA /* SettingsTableViewController.m */,
			);
			name = Settings;
			sourceTree = "<group>";
		};
		7A99CCA6157C11B40097F8E1 /* Cast */ = {
			isa = PBXGroup;
			children = (
				7AF540F6157783C10018530A /* MovieCastsTableViewController.h */,
				7AF540F7157783C10018530A /* MovieCastsTableViewController.m */,
			);
			name = Cast;
			sourceTree = "<group>";
		};
		7A99CCA7157C11BE0097F8E1 /* Note */ = {
			isa = PBXGroup;
			children = (
				7A353254157953DB008F4F58 /* MovieNoteViewController.h */,
				7A353255157953DB008F4F58 /* MovieNoteViewController.m */,
			);
			name = Note;
			sourceTree = "<group>";
		};
		7ACFACAA157C15830089EB8C /* HTML-Templates */ = {
			isa = PBXGroup;
			children = (
				7ACFACA7157C157F0089EB8C /* sharebymail.html */,
			);
			name = "HTML-Templates";
			sourceTree = "<group>";
		};
		7AEE00EC1552D4B0005EF8CD /* TMDB API */ = {
			isa = PBXGroup;
			children = (
				7A6478BB1549963F00C95237 /* SearchResult.h */,
				7A6478BA1549963F00C95237 /* SearchResult.m */,
				7AB5F853155087CC00D767E7 /* OnlineMovieDatabase.h */,
				7AB5F854155087CC00D767E7 /* OnlineMovieDatabase.m */,
			);
			name = "TMDB API";
			sourceTree = "<group>";
		};
		7AEEA33D1573F675003F06E1 /* MovieDetailView */ = {
			isa = PBXGroup;
			children = (
				7AEEA33F1573F697003F06E1 /* MovieDetailViewController.h */,
				7AEEA3401573F697003F06E1 /* MovieDetailViewController.m */,
				7A0A42691574DDD00019DD5E /* MovieDetailView.h */,
				7A0A426A1574DDD00019DD5E /* MovieDetailView.m */,
				7A7EEF82157D56C400EAEE01 /* ThumbnailPicker */,
				7A99CCA7157C11BE0097F8E1 /* Note */,
				7A99CCA6157C11B40097F8E1 /* Cast */,
			);
			name = MovieDetailView;
			sourceTree = "<group>";
		};
/* End PBXGroup section */

/* Begin PBXNativeTarget section */
		7A584CF2154877A600A548EE /* watched */ = {
			isa = PBXNativeTarget;
			buildConfigurationList = 7A584D11154877A700A548EE /* Build configuration list for PBXNativeTarget "watched" */;
			buildPhases = (
				7A584CEF154877A600A548EE /* Sources */,
				7A584CF0154877A600A548EE /* Frameworks */,
				7A584CF1154877A600A548EE /* Resources */,
				DD328CA9800A4564A5A90DCB /* Copy Pods Resources */,
				7A2CBBAC1559B56D009ADFFB /* Run Mogenerator */,
			);
			buildRules = (
			);
			dependencies = (
			);
			name = watched;
			productName = watched;
			productReference = 7A584CF3154877A600A548EE /* watched.app */;
			productType = "com.apple.product-type.application";
		};
/* End PBXNativeTarget section */

/* Begin PBXProject section */
		7A584CEA154877A600A548EE /* Project object */ = {
			isa = PBXProject;
			attributes = {
				LastUpgradeCheck = 0430;
			};
			buildConfigurationList = 7A584CED154877A600A548EE /* Build configuration list for PBXProject "watched" */;
			compatibilityVersion = "Xcode 3.2";
			developmentRegion = English;
			hasScannedForEncodings = 0;
			knownRegions = (
				en,
				de,
			);
			mainGroup = 7A584CE8154877A600A548EE;
			productRefGroup = 7A584CF4154877A600A548EE /* Products */;
			projectDirPath = "";
			projectRoot = "";
			targets = (
				7A584CF2154877A600A548EE /* watched */,
			);
		};
/* End PBXProject section */

/* Begin PBXResourcesBuildPhase section */
		7A584CF1154877A600A548EE /* Resources */ = {
			isa = PBXResourcesBuildPhase;
			buildActionMask = 2147483647;
			files = (
				7A584D02154877A600A548EE /* InfoPlist.strings in Resources */,
				7A584D0B154877A700A548EE /* MainStoryboard.storyboard in Resources */,
				7ACFACA8157C157F0089EB8C /* sharebymail.html in Resources */,
				7A8DC67B157D109A00F6EACA /* Localizable.strings in Resources */,
				7A31CE52158132C10031F1FB /* g_barbutton.png in Resources */,
				7A31CE53158132C10031F1FB /* g_barbutton@2x.png in Resources */,
				7A31CE54158132C10031F1FB /* g_bg_navbar.png in Resources */,
				7A31CE55158132C10031F1FB /* g_bg_navbar@2x.png in Resources */,
				7A31CE5E158148F00031F1FB /* dv_mask.png in Resources */,
				7A31CE6215815D0F0031F1FB /* Icon.png in Resources */,
				7A31CE6315815D0F0031F1FB /* Icon@2x.png in Resources */,
				7A31CE6615816BFF0031F1FB /* mv_icon_settings.png in Resources */,
				7A31CE6715816BFF0031F1FB /* mv_icon_settings@2x.png in Resources */,
				7A32953B15826B7A00668168 /* dv_mask@2x.png in Resources */,
				7AED8E7D1582BFAF009F0416 /* g_backbutton.png in Resources */,
				7AED8E7E1582BFAF009F0416 /* g_backbutton@2x.png in Resources */,
				7AED8E811582BFBF009F0416 /* mv_addbutton.png in Resources */,
				7AED8E821582BFBF009F0416 /* mv_addbutton@2x.png in Resources */,
				7AED8E861582BFCD009F0416 /* mv_bg_add@2x.png in Resources */,
				7AED8E881582C2FB009F0416 /* mv_bg_add.png in Resources */,
			);
			runOnlyForDeploymentPostprocessing = 0;
		};
/* End PBXResourcesBuildPhase section */

/* Begin PBXShellScriptBuildPhase section */
		7A2CBBAC1559B56D009ADFFB /* Run Mogenerator */ = {
			isa = PBXShellScriptBuildPhase;
			buildActionMask = 2147483647;
			files = (
			);
			inputPaths = (
			);
			name = "Run Mogenerator";
			outputPaths = (
			);
			runOnlyForDeploymentPostprocessing = 0;
			shellPath = /bin/sh;
			shellScript = "";
		};
		DD328CA9800A4564A5A90DCB /* Copy Pods Resources */ = {
			isa = PBXShellScriptBuildPhase;
			buildActionMask = 2147483647;
			files = (
			);
			inputPaths = (
			);
			name = "Copy Pods Resources";
			outputPaths = (
			);
			runOnlyForDeploymentPostprocessing = 0;
			shellPath = /bin/sh;
			shellScript = "\"${SRCROOT}/Pods/Pods-resources.sh\"\n";
		};
/* End PBXShellScriptBuildPhase section */

/* Begin PBXSourcesBuildPhase section */
		7A584CEF154877A600A548EE /* Sources */ = {
			isa = PBXSourcesBuildPhase;
			buildActionMask = 2147483647;
			files = (
				7A584D04154877A600A548EE /* main.m in Sources */,
				7A584D08154877A600A548EE /* AppDelegate.m in Sources */,
				7A584D1A154879DD00A548EE /* SearchMovieViewController.m in Sources */,
				7A6478BC1549963F00C95237 /* SearchResult.m in Sources */,
				7AB5F855155087CC00D767E7 /* OnlineMovieDatabase.m in Sources */,
				7A2CBBA51559A0ED009ADFFB /* Movies.xcdatamodeld in Sources */,
				7A2CBBAA1559B4A0009ADFFB /* _Movie.m in Sources */,
				7A2CBBAB1559B4A0009ADFFB /* Movie.m in Sources */,
				7AF3AE161559C113001B36E1 /* MoviesDataModel.m in Sources */,
				7A8AA0B41559CF24003A5446 /* NSDictionary+ObjectForKeyOrNil.m in Sources */,
				7A2B9A6A155B090200442D54 /* MoviesTableViewController.m in Sources */,
				7A0F430A155D595D00487FCB /* UISearchBar+Additions.m in Sources */,
				7AEEA3411573F697003F06E1 /* MovieDetailViewController.m in Sources */,
				7A2663FD15741CAD00AC0146 /* _Cast.m in Sources */,
				7A2663FE15741CAD00AC0146 /* Cast.m in Sources */,
				7A0A426B1574DDD00019DD5E /* MovieDetailView.m in Sources */,
				7A0A426F1574E4F50019DD5E /* UILabel+Additions.m in Sources */,
				7A0A42731574F7690019DD5E /* UIView+Additions.m in Sources */,
				7A0A42761574FA390019DD5E /* UIButton+Additions.m in Sources */,
				7AB5BD001575014C003DAFAB /* _Crew.m in Sources */,
				7AB5BD011575014C003DAFAB /* Crew.m in Sources */,
				7AE95C3015776803007A13F0 /* _Trailer.m in Sources */,
				7AE95C3115776803007A13F0 /* Trailer.m in Sources */,
				7AF540F8157783C10018530A /* MovieCastsTableViewController.m in Sources */,
				7A353256157953DB008F4F58 /* MovieNoteViewController.m in Sources */,
				7A8DC678157CFDDD00F6EACA /* SettingsTableViewController.m in Sources */,
				7A7EEF85157D56F300EAEE01 /* ThumbnailPickerViewController.m in Sources */,
				7AED8E731582800F009F0416 /* OnlineDatabaseBridge.m in Sources */,
			);
			runOnlyForDeploymentPostprocessing = 0;
		};
/* End PBXSourcesBuildPhase section */

/* Begin PBXVariantGroup section */
		7A584D00154877A600A548EE /* InfoPlist.strings */ = {
			isa = PBXVariantGroup;
			children = (
				7A584D01154877A600A548EE /* en */,
			);
			name = InfoPlist.strings;
			sourceTree = "<group>";
		};
		7A584D09154877A700A548EE /* MainStoryboard.storyboard */ = {
			isa = PBXVariantGroup;
			children = (
				7A584D0A154877A700A548EE /* en */,
			);
			name = MainStoryboard.storyboard;
			sourceTree = "<group>";
		};
		7A8DC67D157D109A00F6EACA /* Localizable.strings */ = {
			isa = PBXVariantGroup;
			children = (
				7A8DC67C157D109A00F6EACA /* en */,
				7A8DC67E157D10A000F6EACA /* de */,
			);
			name = Localizable.strings;
			sourceTree = "<group>";
		};
/* End PBXVariantGroup section */

/* Begin XCBuildConfiguration section */
		7A584D0F154877A700A548EE /* Debug */ = {
			isa = XCBuildConfiguration;
			buildSettings = {
				ALWAYS_SEARCH_USER_PATHS = NO;
				ARCHS = "$(ARCHS_STANDARD_32_BIT)";
				CLANG_ENABLE_OBJC_ARC = YES;
				"CODE_SIGN_IDENTITY[sdk=iphoneos*]" = "iPhone Developer";
				COPY_PHASE_STRIP = NO;
				GCC_C_LANGUAGE_STANDARD = gnu99;
				GCC_DYNAMIC_NO_PIC = NO;
				GCC_OPTIMIZATION_LEVEL = 0;
				GCC_PREPROCESSOR_DEFINITIONS = (
					"DEBUG=1",
					"$(inherited)",
				);
				GCC_SYMBOLS_PRIVATE_EXTERN = NO;
				GCC_VERSION = com.apple.compilers.llvm.clang.1_0;
				GCC_WARN_ABOUT_MISSING_PROTOTYPES = YES;
				GCC_WARN_ABOUT_RETURN_TYPE = YES;
				GCC_WARN_UNUSED_VARIABLE = YES;
				IPHONEOS_DEPLOYMENT_TARGET = 5.0;
				SDKROOT = iphoneos;
			};
			name = Debug;
		};
		7A584D10154877A700A548EE /* Release */ = {
			isa = XCBuildConfiguration;
			buildSettings = {
				ALWAYS_SEARCH_USER_PATHS = NO;
				ARCHS = "$(ARCHS_STANDARD_32_BIT)";
				CLANG_ENABLE_OBJC_ARC = YES;
				"CODE_SIGN_IDENTITY[sdk=iphoneos*]" = "iPhone Developer";
				COPY_PHASE_STRIP = YES;
				GCC_C_LANGUAGE_STANDARD = gnu99;
				GCC_VERSION = com.apple.compilers.llvm.clang.1_0;
				GCC_WARN_ABOUT_MISSING_PROTOTYPES = YES;
				GCC_WARN_ABOUT_RETURN_TYPE = YES;
				GCC_WARN_UNUSED_VARIABLE = YES;
				IPHONEOS_DEPLOYMENT_TARGET = 5.0;
				OTHER_CFLAGS = "-DNS_BLOCK_ASSERTIONS=1";
				SDKROOT = iphoneos;
				SKIP_INSTALL = YES;
				VALIDATE_PRODUCT = YES;
			};
			name = Release;
		};
		7A584D12154877A700A548EE /* Debug */ = {
			isa = XCBuildConfiguration;
			baseConfigurationReference = 0D20B1110904458DA8D842E8 /* Pods.xcconfig */;
			buildSettings = {
				CODE_SIGN_IDENTITY = "iPhone Developer: Martin Juhasz (6UXQ7ZK229)";
				"CODE_SIGN_IDENTITY[sdk=iphoneos*]" = "iPhone Developer: Martin Juhasz (6UXQ7ZK229)";
				DSTROOT = /tmp/xcodeproj.dst;
				GCC_PRECOMPILE_PREFIX_HEADER = YES;
				GCC_PREFIX_HEADER = "watched/watched-Prefix.pch";
				GCC_VERSION = com.apple.compilers.llvm.clang.1_0;
				INFOPLIST_FILE = "watched/watched-Info.plist";
				PRODUCT_NAME = "$(TARGET_NAME)";
				PROVISIONING_PROFILE = "04A58FC5-8215-4995-B001-1FFBB195F690";
				"PROVISIONING_PROFILE[sdk=iphoneos*]" = "04A58FC5-8215-4995-B001-1FFBB195F690";
				WRAPPER_EXTENSION = app;
			};
			name = Debug;
		};
		7A584D13154877A700A548EE /* Release */ = {
			isa = XCBuildConfiguration;
			baseConfigurationReference = 0D20B1110904458DA8D842E8 /* Pods.xcconfig */;
			buildSettings = {
				CODE_SIGN_IDENTITY = "iPhone Distribution";
				DSTROOT = /tmp/xcodeproj.dst;
				GCC_PRECOMPILE_PREFIX_HEADER = YES;
				GCC_PREFIX_HEADER = "watched/watched-Prefix.pch";
				GCC_VERSION = com.apple.compilers.llvm.clang.1_0;
				INFOPLIST_FILE = "watched/watched-Info.plist";
				PRODUCT_NAME = "$(TARGET_NAME)";
				PROVISIONING_PROFILE = "";
				SKIP_INSTALL = NO;
				WRAPPER_EXTENSION = app;
			};
			name = Release;
		};
/* End XCBuildConfiguration section */

/* Begin XCConfigurationList section */
		7A584CED154877A600A548EE /* Build configuration list for PBXProject "watched" */ = {
			isa = XCConfigurationList;
			buildConfigurations = (
				7A584D0F154877A700A548EE /* Debug */,
				7A584D10154877A700A548EE /* Release */,
			);
			defaultConfigurationIsVisible = 0;
			defaultConfigurationName = Release;
		};
		7A584D11154877A700A548EE /* Build configuration list for PBXNativeTarget "watched" */ = {
			isa = XCConfigurationList;
			buildConfigurations = (
				7A584D12154877A700A548EE /* Debug */,
				7A584D13154877A700A548EE /* Release */,
			);
			defaultConfigurationIsVisible = 0;
			defaultConfigurationName = Release;
		};
/* End XCConfigurationList section */

/* Begin XCVersionGroup section */
		7A2CBBA31559A0ED009ADFFB /* Movies.xcdatamodeld */ = {
			isa = XCVersionGroup;
			children = (
				7A2CBBA41559A0ED009ADFFB /* Movies.xcdatamodel */,
			);
			currentVersion = 7A2CBBA41559A0ED009ADFFB /* Movies.xcdatamodel */;
			path = Movies.xcdatamodeld;
			sourceTree = "<group>";
			versionGroupType = wrapper.xcdatamodel;
		};
/* End XCVersionGroup section */
	};
	rootObject = 7A584CEA154877A600A548EE /* Project object */;
}
